
Microsoft Visual Studio Solution File, Format Version 12.00
# Visual Studio Version 17
VisualStudioVersion = 17.2.32526.322
MinimumVisualStudioVersion = 10.0.40219.1
Project("{FAE04EC0-301F-11D3-BF4B-00C04F79EFBC}") = "[Cs]Qb-Client", "[Cs]Qb-Client\[Cs]Qb-Client.csproj", "{15AC66A9-7039-4271-95B2-CE72361B16BA}"
EndProject
Project("{FAE04EC0-301F-11D3-BF4B-00C04F79EFBC}") = "[Cs]Qb-Server", "[Cs]Qb-Server\[Cs]Qb-Server.csproj", "{0FD1D102-9E38-4B43-B613-EE5B84B80DB7}"
EndProject
Project("{FAE04EC0-301F-11D3-BF4B-00C04F79EFBC}") = "[Cs]Qb-Conf", "[Cs]Qb-Conf\[Cs]Qb-Conf.csproj", "{BA0BDAEA-F374-4394-BDFE-80EEBD41CCA4}"
EndProject
Global
	GlobalSection(SolutionConfigurationPlatforms) = preSolution
		Debug|Any CPU = Debug|Any CPU
		Release|Any CPU = Release|Any CPU
	EndGlobalSection
	GlobalSection(ProjectConfigurationPlatforms) = postSolution
		{15AC66A9-7039-4271-95B2-CE72361B16BA}.Debug|Any CPU.ActiveCfg = Debug|Any CPU
		{15AC66A9-7039-4271-95B2-CE72361B16BA}.Debug|Any CPU.Build.0 = Debug|Any CPU
		{15AC66A9-7039-4271-95B2-CE72361B16BA}.Release|Any CPU.ActiveCfg = Release|Any CPU
		{15AC66A9-7039-4271-95B2-CE72361B16BA}.Release|Any CPU.Build.0 = Release|Any CPU
		{0FD1D102-9E38-4B43-B613-EE5B84B80DB7}.Debug|Any CPU.ActiveCfg = Debug|Any CPU
		{0FD1D102-9E38-4B43-B613-EE5B84B80DB7}.Debug|Any CPU.Build.0 = Debug|Any CPU
		{0FD1D102-9E38-4B43-B613-EE5B84B80DB7}.Release|Any CPU.ActiveCfg = Release|Any CPU
		{0FD1D102-9E38-4B43-B613-EE5B84B80DB7}.Release|Any CPU.Build.0 = Release|Any CPU
		{BA0BDAEA-F374-4394-BDFE-80EEBD41CCA4}.Debug|Any CPU.ActiveCfg = Debug|Any CPU
		{BA0BDAEA-F374-4394-BDFE-80EEBD41CCA4}.Debug|Any CPU.Build.0 = Debug|Any CPU
		{BA0BDAEA-F374-4394-BDFE-80EEBD41CCA4}.Release|Any CPU.ActiveCfg = Release|Any CPU
		{BA0BDAEA-F374-4394-BDFE-80EEBD41CCA4}.Release|Any CPU.Build.0 = Release|Any CPU
	EndGlobalSection
	GlobalSection(SolutionProperties) = preSolution
		HideSolutionNode = FALSE
	EndGlobalSection
	GlobalSection(ExtensibilityGlobals) = postSolution
		SolutionGuid = {FD7434A4-7B14-4368-9597-9F4AC7840FE7}
	EndGlobalSection
EndGlobal
